
Microsoft Visual Studio Solution File, Format Version 12.00
# Visual Studio Version 17
VisualStudioVersion = 17.11.35222.181
MinimumVisualStudioVersion = 10.0.40219.1
Project("{FAE04EC0-301F-11D3-BF4B-00C04F79EFBC}") = "Borra", "Borra\Borra.csproj", "{CE9E5020-4290-4645-A755-9D6EF2F55910}"
EndProject
Project("{FAE04EC0-301F-11D3-BF4B-00C04F79EFBC}") = "Borra2", "Borra2\Borra2.csproj", "{0C340CF6-4327-4811-93F9-43082D54E2CA}"
EndProject
Project("{FAE04EC0-301F-11D3-BF4B-00C04F79EFBC}") = "Borra3", "Borra3\Borra3.csproj", "{A092C67D-3E98-4A84-BF4B-6D4253958CD0}"
EndProject
Global
	GlobalSection(SolutionConfigurationPlatforms) = preSolution
		Debug|Any CPU = Debug|Any CPU
		Release|Any CPU = Release|Any CPU
	EndGlobalSection
	GlobalSection(ProjectConfigurationPlatforms) = postSolution
		{CE9E5020-4290-4645-A755-9D6EF2F55910}.Debug|Any CPU.ActiveCfg = Debug|Any CPU
		{CE9E5020-4290-4645-A755-9D6EF2F55910}.Debug|Any CPU.Build.0 = Debug|Any CPU
		{CE9E5020-4290-4645-A755-9D6EF2F55910}.Release|Any CPU.ActiveCfg = Release|Any CPU
		{CE9E5020-4290-4645-A755-9D6EF2F55910}.Release|Any CPU.Build.0 = Release|Any CPU
		{0C340CF6-4327-4811-93F9-43082D54E2CA}.Debug|Any CPU.ActiveCfg = Debug|Any CPU
		{0C340CF6-4327-4811-93F9-43082D54E2CA}.Debug|Any CPU.Build.0 = Debug|Any CPU
		{0C340CF6-4327-4811-93F9-43082D54E2CA}.Release|Any CPU.ActiveCfg = Release|Any CPU
		{0C340CF6-4327-4811-93F9-43082D54E2CA}.Release|Any CPU.Build.0 = Release|Any CPU
		{A092C67D-3E98-4A84-BF4B-6D4253958CD0}.Debug|Any CPU.ActiveCfg = Debug|Any CPU
		{A092C67D-3E98-4A84-BF4B-6D4253958CD0}.Debug|Any CPU.Build.0 = Debug|Any CPU
		{A092C67D-3E98-4A84-BF4B-6D4253958CD0}.Release|Any CPU.ActiveCfg = Release|Any CPU
		{A092C67D-3E98-4A84-BF4B-6D4253958CD0}.Release|Any CPU.Build.0 = Release|Any CPU
	EndGlobalSection
	GlobalSection(SolutionProperties) = preSolution
		HideSolutionNode = FALSE
	EndGlobalSection
	GlobalSection(ExtensibilityGlobals) = postSolution
		SolutionGuid = {579120FF-0139-41E5-9F22-0114548D9D99}
	EndGlobalSection
EndGlobal
